github.com/maragudk/is v0.1.0 h1:obq9anZNmOYcaNbeT0LMyjIexdNeYTw/TLAPD/BnZHA=
github.com/maragudk/is v0.1.0/go.mod h1:W/r6+TpnISu+a88OLXQy5JQGCOhXQXXLD2e5b4xMn5c=
github.com/maragudk/snorkel v0.2.0 h1:wohTw6n2kjNZTJFLm+bxgIf18jxr5NdhrpZ+JQfRUjU=
github.com/maragudk/snorkel v0.2.0/go.mod h1:HJG+MdTdlXasD5FAN8wGjhiwLiAWuv097Z2gVzYKeBQ=
